// !$*UTF8*$!
{
	archiveVersion = 1;
	classes = {
	};
	objectVersion = 50;
	objects = {

/* Begin PBXBuildFile section */
		8E3D8B4C21E5602900C4656F /* main.cpp in Sources */ = {isa = PBXBuildFile; fileRef = 8E3D8B4B21E5602900C4656F /* main.cpp */; };
		8E3D8B5421E5605400C4656F /* ParticleSystem.cpp in Sources */ = {isa = PBXBuildFile; fileRef = 8E3D8B5221E5605300C4656F /* ParticleSystem.cpp */; };
		8E3D8B5721E5610E00C4656F /* Setup.cpp in Sources */ = {isa = PBXBuildFile; fileRef = 8E3D8B5521E5610E00C4656F /* Setup.cpp */; };
		8E3D8B5A21E5675E00C4656F /* OpenGL.framework in Frameworks */ = {isa = PBXBuildFile; fileRef = 8E3D8B5921E5675E00C4656F /* OpenGL.framework */; };
		8E3D8B5C21E5676D00C4656F /* libGLEW.2.1.0.dylib in Frameworks */ = {isa = PBXBuildFile; fileRef = 8E3D8B5B21E5676D00C4656F /* libGLEW.2.1.0.dylib */; };
		8E3D8B5E21E5677A00C4656F /* libglfw.3.2.dylib in Frameworks */ = {isa = PBXBuildFile; fileRef = 8E3D8B5D21E5677A00C4656F /* libglfw.3.2.dylib */; };
/* End PBXBuildFile section */

/* Begin PBXCopyFilesBuildPhase section */
		8E3D8B4621E5602900C4656F /* CopyFiles */ = {
			isa = PBXCopyFilesBuildPhase;
			buildActionMask = 2147483647;
			dstPath = /usr/share/man/man1/;
			dstSubfolderSpec = 0;
			files = (
			);
			runOnlyForDeploymentPostprocessing = 1;
		};
/* End PBXCopyFilesBuildPhase section */

/* Begin PBXFileReference section */
		8E3D8B4821E5602900C4656F /* SPH_v2 */ = {isa = PBXFileReference; explicitFileType = "compiled.mach-o.executable"; includeInIndex = 0; path = SPH_v2; sourceTree = BUILT_PRODUCTS_DIR; };
		8E3D8B4B21E5602900C4656F /* main.cpp */ = {isa = PBXFileReference; lastKnownFileType = sourcecode.cpp.cpp; path = main.cpp; sourceTree = "<group>"; };
		8E3D8B5221E5605300C4656F /* ParticleSystem.cpp */ = {isa = PBXFileReference; lastKnownFileType = sourcecode.cpp.cpp; path = ParticleSystem.cpp; sourceTree = "<group>"; };
		8E3D8B5321E5605300C4656F /* ParticleSystem.hpp */ = {isa = PBXFileReference; lastKnownFileType = sourcecode.cpp.h; path = ParticleSystem.hpp; sourceTree = "<group>"; };
		8E3D8B5521E5610E00C4656F /* Setup.cpp */ = {isa = PBXFileReference; lastKnownFileType = sourcecode.cpp.cpp; path = Setup.cpp; sourceTree = "<group>"; };
		8E3D8B5621E5610E00C4656F /* Setup.hpp */ = {isa = PBXFileReference; lastKnownFileType = sourcecode.cpp.h; path = Setup.hpp; sourceTree = "<group>"; };
		8E3D8B5921E5675E00C4656F /* OpenGL.framework */ = {isa = PBXFileReference; lastKnownFileType = wrapper.framework; name = OpenGL.framework; path = System/Library/Frameworks/OpenGL.framework; sourceTree = SDKROOT; };
		8E3D8B5B21E5676D00C4656F /* libGLEW.2.1.0.dylib */ = {isa = PBXFileReference; lastKnownFileType = "compiled.mach-o.dylib"; name = libGLEW.2.1.0.dylib; path = ../../../../../usr/local/Cellar/glew/2.1.0/lib/libGLEW.2.1.0.dylib; sourceTree = "<group>"; };
		8E3D8B5D21E5677A00C4656F /* libglfw.3.2.dylib */ = {isa = PBXFileReference; lastKnownFileType = "compiled.mach-o.dylib"; name = libglfw.3.2.dylib; path = ../../../../../usr/local/Cellar/glfw/3.2.1/lib/libglfw.3.2.dylib; sourceTree = "<group>"; };
		8EB4C15A21FEA2BD00F9D6EF /* base.vs */ = {isa = PBXFileReference; explicitFileType = sourcecode.glsl; path = base.vs; sourceTree = "<group>"; };
		8EB4C15C21FEA32300F9D6EF /* base.fs */ = {isa = PBXFileReference; explicitFileType = sourcecode.glsl; path = base.fs; sourceTree = "<group>"; };
		8EB4C15D21FEA3B900F9D6EF /* textureMapping.vs */ = {isa = PBXFileReference; lastKnownFileType = sourcecode.glsl; path = textureMapping.vs; sourceTree = "<group>"; };
		8EB4C15E21FEA3DD00F9D6EF /* drawing.vs */ = {isa = PBXFileReference; lastKnownFileType = sourcecode.glsl; path = drawing.vs; sourceTree = "<group>"; };
		8EB4C15F21FEA3F700F9D6EF /* drawing.fs */ = {isa = PBXFileReference; lastKnownFileType = sourcecode.glsl; path = drawing.fs; sourceTree = "<group>"; };
		8EB4C16121FEA44100F9D6EF /* set.fs */ = {isa = PBXFileReference; lastKnownFileType = sourcecode.glsl; path = set.fs; sourceTree = "<group>"; };
		8EB4C16221FEA45700F9D6EF /* iset.fs */ = {isa = PBXFileReference; lastKnownFileType = sourcecode.glsl; path = iset.fs; sourceTree = "<group>"; };
		8EB4C16421FEA49300F9D6EF /* uset.fs */ = {isa = PBXFileReference; lastKnownFileType = sourcecode.glsl; path = uset.fs; sourceTree = "<group>"; };
		8EB4C16521FEA4B600F9D6EF /* setRect.fs */ = {isa = PBXFileReference; lastKnownFileType = sourcecode.glsl; path = setRect.fs; sourceTree = "<group>"; };
		8EB4C16621FEA4EE00F9D6EF /* weight.fs */ = {isa = PBXFileReference; lastKnownFileType = sourcecode.glsl; path = weight.fs; sourceTree = "<group>"; };
		8EB4C16721FEA52100F9D6EF /* solver.fs */ = {isa = PBXFileReference; lastKnownFileType = sourcecode.glsl; path = solver.fs; sourceTree = "<group>"; };
		8EB4C16821FEA55500F9D6EF /* bound.fs */ = {isa = PBXFileReference; lastKnownFileType = sourcecode.glsl; path = bound.fs; sourceTree = "<group>"; };
		8EB4C16921FEA56800F9D6EF /* step.fs */ = {isa = PBXFileReference; lastKnownFileType = sourcecode.glsl; path = step.fs; sourceTree = "<group>"; };
		8EB4C16A21FEA58400F9D6EF /* mapParticlesToGrid.fs */ = {isa = PBXFileReference; lastKnownFileType = sourcecode.glsl; path = mapParticlesToGrid.fs; sourceTree = "<group>"; };
		8EB4C16B21FEA5B100F9D6EF /* bitonicSort.fs */ = {isa = PBXFileReference; lastKnownFileType = sourcecode.glsl; path = bitonicSort.fs; sourceTree = "<group>"; };
		8EB4C16C21FEA5E000F9D6EF /* gridToList.fs */ = {isa = PBXFileReference; lastKnownFileType = sourcecode.glsl; path = gridToList.fs; sourceTree = "<group>"; };
		8EB4C16D21FEA75700F9D6EF /* shared.glsl */ = {isa = PBXFileReference; lastKnownFileType = text; path = shared.glsl; sourceTree = "<group>"; };
		8EB4C16E21FEA8DE00F9D6EF /* gridToList.vs */ = {isa = PBXFileReference; lastKnownFileType = sourcecode.glsl; path = gridToList.vs; sourceTree = "<group>"; };
/* End PBXFileReference section */

/* Begin PBXFrameworksBuildPhase section */
		8E3D8B4521E5602900C4656F /* Frameworks */ = {
			isa = PBXFrameworksBuildPhase;
			buildActionMask = 2147483647;
			files = (
				8E3D8B5E21E5677A00C4656F /* libglfw.3.2.dylib in Frameworks */,
				8E3D8B5C21E5676D00C4656F /* libGLEW.2.1.0.dylib in Frameworks */,
				8E3D8B5A21E5675E00C4656F /* OpenGL.framework in Frameworks */,
			);
			runOnlyForDeploymentPostprocessing = 0;
		};
/* End PBXFrameworksBuildPhase section */

/* Begin PBXGroup section */
		8E3D8B3F21E5602900C4656F = {
			isa = PBXGroup;
			children = (
				8E3D8B4A21E5602900C4656F /* SPH_v2 */,
				8E3D8B4921E5602900C4656F /* Products */,
				8E3D8B5821E5675E00C4656F /* Frameworks */,
			);
			sourceTree = "<group>";
		};
		8E3D8B4921E5602900C4656F /* Products */ = {
			isa = PBXGroup;
			children = (
				8E3D8B4821E5602900C4656F /* SPH_v2 */,
			);
			name = Products;
			sourceTree = "<group>";
		};
		8E3D8B4A21E5602900C4656F /* SPH_v2 */ = {
			isa = PBXGroup;
			children = (
				8E3D8B4B21E5602900C4656F /* main.cpp */,
				8E3D8B5221E5605300C4656F /* ParticleSystem.cpp */,
				8E3D8B5321E5605300C4656F /* ParticleSystem.hpp */,
				8E3D8B5521E5610E00C4656F /* Setup.cpp */,
				8E3D8B5621E5610E00C4656F /* Setup.hpp */,
				8EB4C15921FEA27D00F9D6EF /* GLSL */,
			);
			path = SPH_v2;
			sourceTree = "<group>";
		};
		8E3D8B5821E5675E00C4656F /* Frameworks */ = {
			isa = PBXGroup;
			children = (
				8E3D8B5D21E5677A00C4656F /* libglfw.3.2.dylib */,
				8E3D8B5B21E5676D00C4656F /* libGLEW.2.1.0.dylib */,
				8E3D8B5921E5675E00C4656F /* OpenGL.framework */,
			);
			name = Frameworks;
			sourceTree = "<group>";
		};
		8EB4C15921FEA27D00F9D6EF /* GLSL */ = {
			isa = PBXGroup;
			children = (
				8EB4C15A21FEA2BD00F9D6EF /* base.vs */,
				8EB4C15C21FEA32300F9D6EF /* base.fs */,
				8EB4C15D21FEA3B900F9D6EF /* textureMapping.vs */,
				8EB4C15E21FEA3DD00F9D6EF /* drawing.vs */,
				8EB4C15F21FEA3F700F9D6EF /* drawing.fs */,
				8EB4C16121FEA44100F9D6EF /* set.fs */,
				8EB4C16221FEA45700F9D6EF /* iset.fs */,
				8EB4C16421FEA49300F9D6EF /* uset.fs */,
				8EB4C16521FEA4B600F9D6EF /* setRect.fs */,
				8EB4C16621FEA4EE00F9D6EF /* weight.fs */,
				8EB4C16721FEA52100F9D6EF /* solver.fs */,
				8EB4C16821FEA55500F9D6EF /* bound.fs */,
				8EB4C16921FEA56800F9D6EF /* step.fs */,
				8EB4C16A21FEA58400F9D6EF /* mapParticlesToGrid.fs */,
				8EB4C16B21FEA5B100F9D6EF /* bitonicSort.fs */,
				8EB4C16E21FEA8DE00F9D6EF /* gridToList.vs */,
				8EB4C16C21FEA5E000F9D6EF /* gridToList.fs */,
				8EB4C16D21FEA75700F9D6EF /* shared.glsl */,
			);
			path = GLSL;
			sourceTree = "<group>";
		};
/* End PBXGroup section */

/* Begin PBXNativeTarget section */
		8E3D8B4721E5602900C4656F /* SPH_v2 */ = {
			isa = PBXNativeTarget;
			buildConfigurationList = 8E3D8B4F21E5602900C4656F /* Build configuration list for PBXNativeTarget "SPH_v2" */;
			buildPhases = (
				8E3D8B4421E5602900C4656F /* Sources */,
				8E3D8B4521E5602900C4656F /* Frameworks */,
				8E3D8B4621E5602900C4656F /* CopyFiles */,
			);
			buildRules = (
			);
			dependencies = (
			);
			name = SPH_v2;
			productName = SPH_v2;
			productReference = 8E3D8B4821E5602900C4656F /* SPH_v2 */;
			productType = "com.apple.product-type.tool";
		};
/* End PBXNativeTarget section */

/* Begin PBXProject section */
		8E3D8B4021E5602900C4656F /* Project object */ = {
			isa = PBXProject;
			attributes = {
				LastUpgradeCheck = 1000;
				ORGANIZATIONNAME = "Arthur Sun";
				TargetAttributes = {
					8E3D8B4721E5602900C4656F = {
						CreatedOnToolsVersion = 10.0;
					};
				};
			};
			buildConfigurationList = 8E3D8B4321E5602900C4656F /* Build configuration list for PBXProject "SPH_v2" */;
			compatibilityVersion = "Xcode 9.3";
			developmentRegion = en;
			hasScannedForEncodings = 0;
			knownRegions = (
				en,
			);
			mainGroup = 8E3D8B3F21E5602900C4656F;
			productRefGroup = 8E3D8B4921E5602900C4656F /* Products */;
			projectDirPath = "";
			projectRoot = "";
			targets = (
				8E3D8B4721E5602900C4656F /* SPH_v2 */,
			);
		};
/* End PBXProject section */

/* Begin PBXSourcesBuildPhase section */
		8E3D8B4421E5602900C4656F /* Sources */ = {
			isa = PBXSourcesBuildPhase;
			buildActionMask = 2147483647;
			files = (
				8E3D8B5421E5605400C4656F /* ParticleSystem.cpp in Sources */,
				8E3D8B4C21E5602900C4656F /* main.cpp in Sources */,
				8E3D8B5721E5610E00C4656F /* Setup.cpp in Sources */,
			);
			runOnlyForDeploymentPostprocessing = 0;
		};
/* End PBXSourcesBuildPhase section */

/* Begin XCBuildConfiguration section */
		8E3D8B4D21E5602900C4656F /* Debug */ = {
			isa = XCBuildConfiguration;
			buildSettings = {
				ALWAYS_SEARCH_USER_PATHS = NO;
				CLANG_ANALYZER_NONNULL = YES;
				CLANG_ANALYZER_NUMBER_OBJECT_CONVERSION = YES_AGGRESSIVE;
				CLANG_CXX_LANGUAGE_STANDARD = "gnu++14";
				CLANG_CXX_LIBRARY = "libc++";
				CLANG_ENABLE_MODULES = YES;
				CLANG_ENABLE_OBJC_ARC = YES;
				CLANG_ENABLE_OBJC_WEAK = YES;
				CLANG_WARN_BLOCK_CAPTURE_AUTORELEASING = YES;
				CLANG_WARN_BOOL_CONVERSION = YES;
				CLANG_WARN_COMMA = YES;
				CLANG_WARN_CONSTANT_CONVERSION = YES;
				CLANG_WARN_DEPRECATED_OBJC_IMPLEMENTATIONS = YES;
				CLANG_WARN_DIRECT_OBJC_ISA_USAGE = YES_ERROR;
				CLANG_WARN_DOCUMENTATION_COMMENTS = YES;
				CLANG_WARN_EMPTY_BODY = YES;
				CLANG_WARN_ENUM_CONVERSION = YES;
				CLANG_WARN_INFINITE_RECURSION = YES;
				CLANG_WARN_INT_CONVERSION = YES;
				CLANG_WARN_NON_LITERAL_NULL_CONVERSION = YES;
				CLANG_WARN_OBJC_IMPLICIT_RETAIN_SELF = YES;
				CLANG_WARN_OBJC_LITERAL_CONVERSION = YES;
				CLANG_WARN_OBJC_ROOT_CLASS = YES_ERROR;
				CLANG_WARN_RANGE_LOOP_ANALYSIS = YES;
				CLANG_WARN_STRICT_PROTOTYPES = YES;
				CLANG_WARN_SUSPICIOUS_MOVE = YES;
				CLANG_WARN_UNGUARDED_AVAILABILITY = YES_AGGRESSIVE;
				CLANG_WARN_UNREACHABLE_CODE = YES;
				CLANG_WARN__DUPLICATE_METHOD_MATCH = YES;
				CODE_SIGN_IDENTITY = "Mac Developer";
				COPY_PHASE_STRIP = NO;
				DEBUG_INFORMATION_FORMAT = dwarf;
				ENABLE_STRICT_OBJC_MSGSEND = YES;
				ENABLE_TESTABILITY = YES;
				GCC_C_LANGUAGE_STANDARD = gnu11;
				GCC_DYNAMIC_NO_PIC = NO;
				GCC_NO_COMMON_BLOCKS = YES;
				GCC_OPTIMIZATION_LEVEL = 0;
				GCC_PREPROCESSOR_DEFINITIONS = (
					"DEBUG=1",
					"$(inherited)",
				);
				GCC_WARN_64_TO_32_BIT_CONVERSION = YES;
				GCC_WARN_ABOUT_RETURN_TYPE = YES_ERROR;
				GCC_WARN_UNDECLARED_SELECTOR = YES;
				GCC_WARN_UNINITIALIZED_AUTOS = YES_AGGRESSIVE;
				GCC_WARN_UNUSED_FUNCTION = YES;
				GCC_WARN_UNUSED_VARIABLE = YES;
				MACOSX_DEPLOYMENT_TARGET = 10.13;
				MTL_ENABLE_DEBUG_INFO = INCLUDE_SOURCE;
				ONLY_ACTIVE_ARCH = YES;
				SDKROOT = macosx;
			};
			name = Debug;
		};
		8E3D8B4E21E5602900C4656F /* Release */ = {
			isa = XCBuildConfiguration;
			buildSettings = {
				ALWAYS_SEARCH_USER_PATHS = NO;
				CLANG_ANALYZER_NONNULL = YES;
				CLANG_ANALYZER_NUMBER_OBJECT_CONVERSION = YES_AGGRESSIVE;
				CLANG_CXX_LANGUAGE_STANDARD = "gnu++14";
				CLANG_CXX_LIBRARY = "libc++";
				CLANG_ENABLE_MODULES = YES;
				CLANG_ENABLE_OBJC_ARC = YES;
				CLANG_ENABLE_OBJC_WEAK = YES;
				CLANG_WARN_BLOCK_CAPTURE_AUTORELEASING = YES;
				CLANG_WARN_BOOL_CONVERSION = YES;
				CLANG_WARN_COMMA = YES;
				CLANG_WARN_CONSTANT_CONVERSION = YES;
				CLANG_WARN_DEPRECATED_OBJC_IMPLEMENTATIONS = YES;
				CLANG_WARN_DIRECT_OBJC_ISA_USAGE = YES_ERROR;
				CLANG_WARN_DOCUMENTATION_COMMENTS = YES;
				CLANG_WARN_EMPTY_BODY = YES;
				CLANG_WARN_ENUM_CONVERSION = YES;
				CLANG_WARN_INFINITE_RECURSION = YES;
				CLANG_WARN_INT_CONVERSION = YES;
				CLANG_WARN_NON_LITERAL_NULL_CONVERSION = YES;
				CLANG_WARN_OBJC_IMPLICIT_RETAIN_SELF = YES;
				CLANG_WARN_OBJC_LITERAL_CONVERSION = YES;
				CLANG_WARN_OBJC_ROOT_CLASS = YES_ERROR;
				CLANG_WARN_RANGE_LOOP_ANALYSIS = YES;
				CLANG_WARN_STRICT_PROTOTYPES = YES;
				CLANG_WARN_SUSPICIOUS_MOVE = YES;
				CLANG_WARN_UNGUARDED_AVAILABILITY = YES_AGGRESSIVE;
				CLANG_WARN_UNREACHABLE_CODE = YES;
				CLANG_WARN__DUPLICATE_METHOD_MATCH = YES;
				CODE_SIGN_IDENTITY = "Mac Developer";
				COPY_PHASE_STRIP = NO;
				DEBUG_INFORMATION_FORMAT = "dwarf-with-dsym";
				ENABLE_NS_ASSERTIONS = NO;
				ENABLE_STRICT_OBJC_MSGSEND = YES;
				GCC_C_LANGUAGE_STANDARD = gnu11;
				GCC_NO_COMMON_BLOCKS = YES;
				GCC_WARN_64_TO_32_BIT_CONVERSION = YES;
				GCC_WARN_ABOUT_RETURN_TYPE = YES_ERROR;
				GCC_WARN_UNDECLARED_SELECTOR = YES;
				GCC_WARN_UNINITIALIZED_AUTOS = YES_AGGRESSIVE;
				GCC_WARN_UNUSED_FUNCTION = YES;
				GCC_WARN_UNUSED_VARIABLE = YES;
				MACOSX_DEPLOYMENT_TARGET = 10.13;
				MTL_ENABLE_DEBUG_INFO = NO;
				SDKROOT = macosx;
			};
			name = Release;
		};
		8E3D8B5021E5602900C4656F /* Debug */ = {
			isa = XCBuildConfiguration;
			buildSettings = {
				CODE_SIGN_IDENTITY = "Mac Developer";
				CODE_SIGN_STYLE = Automatic;
				DEVELOPMENT_TEAM = CDS6RVS6JM;
				HEADER_SEARCH_PATHS = /usr/local/include;
				LIBRARY_SEARCH_PATHS = (
					"$(inherited)",
					/usr/local/Cellar/glew/2.1.0/lib,
					/usr/local/Cellar/glfw/3.2.1/lib,
				);
				PRODUCT_NAME = "$(TARGET_NAME)";
				PROVISIONING_PROFILE_SPECIFIER = "";
			};
			name = Debug;
		};
		8E3D8B5121E5602900C4656F /* Release */ = {
			isa = XCBuildConfiguration;
			buildSettings = {
				CODE_SIGN_IDENTITY = "Mac Developer";
				CODE_SIGN_STYLE = Automatic;
				DEVELOPMENT_TEAM = CDS6RVS6JM;
				HEADER_SEARCH_PATHS = /usr/local/include;
				LIBRARY_SEARCH_PATHS = (
					"$(inherited)",
					/usr/local/Cellar/glew/2.1.0/lib,
					/usr/local/Cellar/glfw/3.2.1/lib,
				);
				PRODUCT_NAME = "$(TARGET_NAME)";
				PROVISIONING_PROFILE_SPECIFIER = "";
			};
			name = Release;
		};
/* End XCBuildConfiguration section */

/* Begin XCConfigurationList section */
		8E3D8B4321E5602900C4656F /* Build configuration list for PBXProject "SPH_v2" */ = {
			isa = XCConfigurationList;
			buildConfigurations = (
				8E3D8B4D21E5602900C4656F /* Debug */,
				8E3D8B4E21E5602900C4656F /* Release */,
			);
			defaultConfigurationIsVisible = 0;
			defaultConfigurationName = Release;
		};
		8E3D8B4F21E5602900C4656F /* Build configuration list for PBXNativeTarget "SPH_v2" */ = {
			isa = XCConfigurationList;
			buildConfigurations = (
				8E3D8B5021E5602900C4656F /* Debug */,
				8E3D8B5121E5602900C4656F /* Release */,
			);
			defaultConfigurationIsVisible = 0;
			defaultConfigurationName = Release;
		};
/* End XCConfigurationList section */
	};
	rootObject = 8E3D8B4021E5602900C4656F /* Project object */;
}
